// !$*UTF8*$!
{
	archiveVersion = 1;
	classes = {
	};
	objectVersion = 46;
	objects = {

/* Begin PBXBuildFile section */
		CC46001E1D9632460018815A /* main.m in Sources */ = {isa = PBXBuildFile; fileRef = CC46001D1D9632460018815A /* main.m */; };
		CC4600211D9632460018815A /* AppDelegate.m in Sources */ = {isa = PBXBuildFile; fileRef = CC4600201D9632460018815A /* AppDelegate.m */; };
		CC4600241D9632460018815A /* ViewController.m in Sources */ = {isa = PBXBuildFile; fileRef = CC4600231D9632460018815A /* ViewController.m */; };
		CC4600271D9632460018815A /* Main.storyboard in Resources */ = {isa = PBXBuildFile; fileRef = CC4600251D9632460018815A /* Main.storyboard */; };
		CC4600291D9632460018815A /* Assets.xcassets in Resources */ = {isa = PBXBuildFile; fileRef = CC4600281D9632460018815A /* Assets.xcassets */; };
		CC46002C1D9632460018815A /* LaunchScreen.storyboard in Resources */ = {isa = PBXBuildFile; fileRef = CC46002A1D9632460018815A /* LaunchScreen.storyboard */; };
		CC4600311D9632460018815A /* 去年买了个表 WatchKit App.app in Embed Watch Content */ = {isa = PBXBuildFile; fileRef = CC4600301D9632460018815A /* 去年买了个表 WatchKit App.app */; };
		CC4600371D9632460018815A /* Interface.storyboard in Resources */ = {isa = PBXBuildFile; fileRef = CC4600351D9632460018815A /* Interface.storyboard */; };
		CC4600391D9632460018815A /* Assets.xcassets in Resources */ = {isa = PBXBuildFile; fileRef = CC4600381D9632460018815A /* Assets.xcassets */; };
		CC4600401D9632460018815A /* 去年买了个表 WatchKit Extension.appex in Embed App Extensions */ = {isa = PBXBuildFile; fileRef = CC46003F1D9632460018815A /* 去年买了个表 WatchKit Extension.appex */; settings = {ATTRIBUTES = (RemoveHeadersOnCopy, ); }; };
		CC4600481D9632460018815A /* InterfaceController.m in Sources */ = {isa = PBXBuildFile; fileRef = CC4600471D9632460018815A /* InterfaceController.m */; };
		CC46004B1D9632460018815A /* ExtensionDelegate.m in Sources */ = {isa = PBXBuildFile; fileRef = CC46004A1D9632460018815A /* ExtensionDelegate.m */; };
		CC46004E1D9632460018815A /* NotificationController.m in Sources */ = {isa = PBXBuildFile; fileRef = CC46004D1D9632460018815A /* NotificationController.m */; };
		CC4600501D9632460018815A /* Assets.xcassets in Resources */ = {isa = PBXBuildFile; fileRef = CC46004F1D9632460018815A /* Assets.xcassets */; };
		CC4600601D96328C0018815A /* qqq.png in Resources */ = {isa = PBXBuildFile; fileRef = CC46005F1D96328C0018815A /* qqq.png */; };
/* End PBXBuildFile section */

/* Begin PBXContainerItemProxy section */
		CC4600321D9632460018815A /* PBXContainerItemProxy */ = {
			isa = PBXContainerItemProxy;
			containerPortal = CC4600111D9632460018815A /* Project object */;
			proxyType = 1;
			remoteGlobalIDString = CC46002F1D9632460018815A;
			remoteInfo = "去年买了个表 WatchKit App";
		};
		CC4600411D9632460018815A /* PBXContainerItemProxy */ = {
			isa = PBXContainerItemProxy;
			containerPortal = CC4600111D9632460018815A /* Project object */;
			proxyType = 1;
			remoteGlobalIDString = CC46003E1D9632460018815A;
			remoteInfo = "去年买了个表 WatchKit Extension";
		};
/* End PBXContainerItemProxy section */

/* Begin PBXCopyFilesBuildPhase section */
		CC4600571D9632460018815A /* Embed App Extensions */ = {
			isa = PBXCopyFilesBuildPhase;
			buildActionMask = 2147483647;
			dstPath = "";
			dstSubfolderSpec = 13;
			files = (
				CC4600401D9632460018815A /* 去年买了个表 WatchKit Extension.appex in Embed App Extensions */,
			);
			name = "Embed App Extensions";
			runOnlyForDeploymentPostprocessing = 0;
		};
		CC46005B1D9632460018815A /* Embed Watch Content */ = {
			isa = PBXCopyFilesBuildPhase;
			buildActionMask = 2147483647;
			dstPath = "$(CONTENTS_FOLDER_PATH)/Watch";
			dstSubfolderSpec = 16;
			files = (
				CC4600311D9632460018815A /* 去年买了个表 WatchKit App.app in Embed Watch Content */,
			);
			name = "Embed Watch Content";
			runOnlyForDeploymentPostprocessing = 0;
		};
/* End PBXCopyFilesBuildPhase section */

/* Begin PBXFileReference section */
		CC4600191D9632460018815A /* 去年买了个表.app */ = {isa = PBXFileReference; explicitFileType = wrapper.application; includeInIndex = 0; path = "去年买了个表.app"; sourceTree = BUILT_PRODUCTS_DIR; };
		CC46001D1D9632460018815A /* main.m */ = {isa = PBXFileReference; lastKnownFileType = sourcecode.c.objc; path = main.m; sourceTree = "<group>"; };
		CC46001F1D9632460018815A /* AppDelegate.h */ = {isa = PBXFileReference; lastKnownFileType = sourcecode.c.h; path = AppDelegate.h; sourceTree = "<group>"; };
		CC4600201D9632460018815A /* AppDelegate.m */ = {isa = PBXFileReference; lastKnownFileType = sourcecode.c.objc; path = AppDelegate.m; sourceTree = "<group>"; };
		CC4600221D9632460018815A /* ViewController.h */ = {isa = PBXFileReference; lastKnownFileType = sourcecode.c.h; path = ViewController.h; sourceTree = "<group>"; };
		CC4600231D9632460018815A /* ViewController.m */ = {isa = PBXFileReference; lastKnownFileType = sourcecode.c.objc; path = ViewController.m; sourceTree = "<group>"; };
		CC4600261D9632460018815A /* Base */ = {isa = PBXFileReference; lastKnownFileType = file.storyboard; name = Base; path = Base.lproj/Main.storyboard; sourceTree = "<group>"; };
		CC4600281D9632460018815A /* Assets.xcassets */ = {isa = PBXFileReference; lastKnownFileType = folder.assetcatalog; path = Assets.xcassets; sourceTree = "<group>"; };
		CC46002B1D9632460018815A /* Base */ = {isa = PBXFileReference; lastKnownFileType = file.storyboard; name = Base; path = Base.lproj/LaunchScreen.storyboard; sourceTree = "<group>"; };
		CC46002D1D9632460018815A /* Info.plist */ = {isa = PBXFileReference; lastKnownFileType = text.plist.xml; path = Info.plist; sourceTree = "<group>"; };
		CC4600301D9632460018815A /* 去年买了个表 WatchKit App.app */ = {isa = PBXFileReference; explicitFileType = wrapper.application; includeInIndex = 0; path = "去年买了个表 WatchKit App.app"; sourceTree = BUILT_PRODUCTS_DIR; };
		CC4600361D9632460018815A /* Base */ = {isa = PBXFileReference; lastKnownFileType = file.storyboard; name = Base; path = Base.lproj/Interface.storyboard; sourceTree = "<group>"; };
		CC4600381D9632460018815A /* Assets.xcassets */ = {isa = PBXFileReference; lastKnownFileType = folder.assetcatalog; path = Assets.xcassets; sourceTree = "<group>"; };
		CC46003A1D9632460018815A /* Info.plist */ = {isa = PBXFileReference; lastKnownFileType = text.plist.xml; path = Info.plist; sourceTree = "<group>"; };
		CC46003F1D9632460018815A /* 去年买了个表 WatchKit Extension.appex */ = {isa = PBXFileReference; explicitFileType = "wrapper.app-extension"; includeInIndex = 0; path = "去年买了个表 WatchKit Extension.appex"; sourceTree = BUILT_PRODUCTS_DIR; };
		CC4600451D9632460018815A /* PushNotificationPayload.apns */ = {isa = PBXFileReference; lastKnownFileType = text; path = PushNotificationPayload.apns; sourceTree = "<group>"; };
		CC4600461D9632460018815A /* InterfaceController.h */ = {isa = PBXFileReference; lastKnownFileType = sourcecode.c.h; path = InterfaceController.h; sourceTree = "<group>"; };
		CC4600471D9632460018815A /* InterfaceController.m */ = {isa = PBXFileReference; lastKnownFileType = sourcecode.c.objc; path = InterfaceController.m; sourceTree = "<group>"; };
		CC4600491D9632460018815A /* ExtensionDelegate.h */ = {isa = PBXFileReference; lastKnownFileType = sourcecode.c.h; path = ExtensionDelegate.h; sourceTree = "<group>"; };
		CC46004A1D9632460018815A /* ExtensionDelegate.m */ = {isa = PBXFileReference; lastKnownFileType = sourcecode.c.objc; path = ExtensionDelegate.m; sourceTree = "<group>"; };
		CC46004C1D9632460018815A /* NotificationController.h */ = {isa = PBXFileReference; lastKnownFileType = sourcecode.c.h; path = NotificationController.h; sourceTree = "<group>"; };
		CC46004D1D9632460018815A /* NotificationController.m */ = {isa = PBXFileReference; lastKnownFileType = sourcecode.c.objc; path = NotificationController.m; sourceTree = "<group>"; };
		CC46004F1D9632460018815A /* Assets.xcassets */ = {isa = PBXFileReference; lastKnownFileType = folder.assetcatalog; path = Assets.xcassets; sourceTree = "<group>"; };
		CC4600511D9632460018815A /* Info.plist */ = {isa = PBXFileReference; lastKnownFileType = text.plist.xml; path = Info.plist; sourceTree = "<group>"; };
		CC46005F1D96328C0018815A /* qqq.png */ = {isa = PBXFileReference; lastKnownFileType = image.png; path = qqq.png; sourceTree = "<group>"; };
/* End PBXFileReference section */

/* Begin PBXFrameworksBuildPhase section */
		CC4600161D9632460018815A /* Frameworks */ = {
			isa = PBXFrameworksBuildPhase;
			buildActionMask = 2147483647;
			files = (
			);
			runOnlyForDeploymentPostprocessing = 0;
		};
		CC46003C1D9632460018815A /* Frameworks */ = {
			isa = PBXFrameworksBuildPhase;
			buildActionMask = 2147483647;
			files = (
			);
			runOnlyForDeploymentPostprocessing = 0;
		};
/* End PBXFrameworksBuildPhase section */

/* Begin PBXGroup section */
		CC4600101D9632460018815A = {
			isa = PBXGroup;
			children = (
				CC46001B1D9632460018815A /* 去年买了个表 */,
				CC4600341D9632460018815A /* 去年买了个表 WatchKit App */,
				CC4600431D9632460018815A /* 去年买了个表 WatchKit Extension */,
				CC46001A1D9632460018815A /* Products */,
			);
			sourceTree = "<group>";
		};
		CC46001A1D9632460018815A /* Products */ = {
			isa = PBXGroup;
			children = (
				CC4600191D9632460018815A /* 去年买了个表.app */,
				CC4600301D9632460018815A /* 去年买了个表 WatchKit App.app */,
				CC46003F1D9632460018815A /* 去年买了个表 WatchKit Extension.appex */,
			);
			name = Products;
			sourceTree = "<group>";
		};
		CC46001B1D9632460018815A /* 去年买了个表 */ = {
			isa = PBXGroup;
			children = (
				CC46001F1D9632460018815A /* AppDelegate.h */,
				CC4600201D9632460018815A /* AppDelegate.m */,
				CC4600221D9632460018815A /* ViewController.h */,
				CC4600231D9632460018815A /* ViewController.m */,
				CC4600251D9632460018815A /* Main.storyboard */,
				CC46005F1D96328C0018815A /* qqq.png */,
				CC4600281D9632460018815A /* Assets.xcassets */,
				CC46002A1D9632460018815A /* LaunchScreen.storyboard */,
				CC46002D1D9632460018815A /* Info.plist */,
				CC46001C1D9632460018815A /* Supporting Files */,
			);
			path = "去年买了个表";
			sourceTree = "<group>";
		};
		CC46001C1D9632460018815A /* Supporting Files */ = {
			isa = PBXGroup;
			children = (
				CC46001D1D9632460018815A /* main.m */,
			);
			name = "Supporting Files";
			sourceTree = "<group>";
		};
		CC4600341D9632460018815A /* 去年买了个表 WatchKit App */ = {
			isa = PBXGroup;
			children = (
				CC4600351D9632460018815A /* Interface.storyboard */,
				CC4600381D9632460018815A /* Assets.xcassets */,
				CC46003A1D9632460018815A /* Info.plist */,
			);
			path = "去年买了个表 WatchKit App";
			sourceTree = "<group>";
		};
		CC4600431D9632460018815A /* 去年买了个表 WatchKit Extension */ = {
			isa = PBXGroup;
			children = (
				CC4600461D9632460018815A /* InterfaceController.h */,
				CC4600471D9632460018815A /* InterfaceController.m */,
				CC4600491D9632460018815A /* ExtensionDelegate.h */,
				CC46004A1D9632460018815A /* ExtensionDelegate.m */,
				CC46004C1D9632460018815A /* NotificationController.h */,
				CC46004D1D9632460018815A /* NotificationController.m */,
				CC46004F1D9632460018815A /* Assets.xcassets */,
				CC4600511D9632460018815A /* Info.plist */,
				CC4600441D9632460018815A /* Supporting Files */,
			);
			path = "去年买了个表 WatchKit Extension";
			sourceTree = "<group>";
		};
		CC4600441D9632460018815A /* Supporting Files */ = {
			isa = PBXGroup;
			children = (
				CC4600451D9632460018815A /* PushNotificationPayload.apns */,
			);
			name = "Supporting Files";
			sourceTree = "<group>";
		};
/* End PBXGroup section */

/* Begin PBXNativeTarget section */
		CC4600181D9632460018815A /* 去年买了个表 */ = {
			isa = PBXNativeTarget;
			buildConfigurationList = CC46005C1D9632460018815A /* Build configuration list for PBXNativeTarget "去年买了个表" */;
			buildPhases = (
				CC4600151D9632460018815A /* Sources */,
				CC4600161D9632460018815A /* Frameworks */,
				CC4600171D9632460018815A /* Resources */,
				CC46005B1D9632460018815A /* Embed Watch Content */,
			);
			buildRules = (
			);
			dependencies = (
				CC4600331D9632460018815A /* PBXTargetDependency */,
			);
			name = "去年买了个表";
			productName = "去年买了个表";
			productReference = CC4600191D9632460018815A /* 去年买了个表.app */;
			productType = "com.apple.product-type.application";
		};
		CC46002F1D9632460018815A /* 去年买了个表 WatchKit App */ = {
			isa = PBXNativeTarget;
			buildConfigurationList = CC4600581D9632460018815A /* Build configuration list for PBXNativeTarget "去年买了个表 WatchKit App" */;
			buildPhases = (
				CC46002E1D9632460018815A /* Resources */,
				CC4600571D9632460018815A /* Embed App Extensions */,
			);
			buildRules = (
			);
			dependencies = (
				CC4600421D9632460018815A /* PBXTargetDependency */,
			);
			name = "去年买了个表 WatchKit App";
			productName = "去年买了个表 WatchKit App";
			productReference = CC4600301D9632460018815A /* 去年买了个表 WatchKit App.app */;
			productType = "com.apple.product-type.application.watchapp2";
		};
		CC46003E1D9632460018815A /* 去年买了个表 WatchKit Extension */ = {
			isa = PBXNativeTarget;
			buildConfigurationList = CC4600541D9632460018815A /* Build configuration list for PBXNativeTarget "去年买了个表 WatchKit Extension" */;
			buildPhases = (
				CC46003B1D9632460018815A /* Sources */,
				CC46003C1D9632460018815A /* Frameworks */,
				CC46003D1D9632460018815A /* Resources */,
			);
			buildRules = (
			);
			dependencies = (
			);
			name = "去年买了个表 WatchKit Extension";
			productName = "去年买了个表 WatchKit Extension";
			productReference = CC46003F1D9632460018815A /* 去年买了个表 WatchKit Extension.appex */;
			productType = "com.apple.product-type.watchkit2-extension";
		};
/* End PBXNativeTarget section */

/* Begin PBXProject section */
		CC4600111D9632460018815A /* Project object */ = {
			isa = PBXProject;
			attributes = {
				LastUpgradeCheck = 0730;
				ORGANIZATIONNAME = qingyun;
				TargetAttributes = {
					CC4600181D9632460018815A = {
						CreatedOnToolsVersion = 7.3;
					};
					CC46002F1D9632460018815A = {
						CreatedOnToolsVersion = 7.3;
					};
					CC46003E1D9632460018815A = {
						CreatedOnToolsVersion = 7.3;
					};
				};
			};
			buildConfigurationList = CC4600141D9632460018815A /* Build configuration list for PBXProject "去年买了个表" */;
			compatibilityVersion = "Xcode 3.2";
			developmentRegion = English;
			hasScannedForEncodings = 0;
			knownRegions = (
				en,
				Base,
			);
			mainGroup = CC4600101D9632460018815A;
			productRefGroup = CC46001A1D9632460018815A /* Products */;
			projectDirPath = "";
			projectRoot = "";
			targets = (
				CC4600181D9632460018815A /* 去年买了个表 */,
				CC46002F1D9632460018815A /* 去年买了个表 WatchKit App */,
				CC46003E1D9632460018815A /* 去年买了个表 WatchKit Extension */,
			);
		};
/* End PBXProject section */

/* Begin PBXResourcesBuildPhase section */
		CC4600171D9632460018815A /* Resources */ = {
			isa = PBXResourcesBuildPhase;
			buildActionMask = 2147483647;
			files = (
				CC46002C1D9632460018815A /* LaunchScreen.storyboard in Resources */,
				CC4600291D9632460018815A /* Assets.xcassets in Resources */,
				CC4600601D96328C0018815A /* qqq.png in Resources */,
				CC4600271D9632460018815A /* Main.storyboard in Resources */,
			);
			runOnlyForDeploymentPostprocessing = 0;
		};
		CC46002E1D9632460018815A /* Resources */ = {
			isa = PBXResourcesBuildPhase;
			buildActionMask = 2147483647;
			files = (
				CC4600391D9632460018815A /* Assets.xcassets in Resources */,
				CC4600371D9632460018815A /* Interface.storyboard in Resources */,
			);
			runOnlyForDeploymentPostprocessing = 0;
		};
		CC46003D1D9632460018815A /* Resources */ = {
			isa = PBXResourcesBuildPhase;
			buildActionMask = 2147483647;
			files = (
				CC4600501D9632460018815A /* Assets.xcassets in Resources */,
			);
			runOnlyForDeploymentPostprocessing = 0;
		};
/* End PBXResourcesBuildPhase section */

/* Begin PBXSourcesBuildPhase section */
		CC4600151D9632460018815A /* Sources */ = {
			isa = PBXSourcesBuildPhase;
			buildActionMask = 2147483647;
			files = (
				CC4600241D9632460018815A /* ViewController.m in Sources */,
				CC4600211D9632460018815A /* AppDelegate.m in Sources */,
				CC46001E1D9632460018815A /* main.m in Sources */,
			);
			runOnlyForDeploymentPostprocessing = 0;
		};
		CC46003B1D9632460018815A /* Sources */ = {
			isa = PBXSourcesBuildPhase;
			buildActionMask = 2147483647;
			files = (
				CC46004B1D9632460018815A /* ExtensionDelegate.m in Sources */,
				CC4600481D9632460018815A /* InterfaceController.m in Sources */,
				CC46004E1D9632460018815A /* NotificationController.m in Sources */,
			);
			runOnlyForDeploymentPostprocessing = 0;
		};
/* End PBXSourcesBuildPhase section */

/* Begin PBXTargetDependency section */
		CC4600331D9632460018815A /* PBXTargetDependency */ = {
			isa = PBXTargetDependency;
			target = CC46002F1D9632460018815A /* 去年买了个表 WatchKit App */;
			targetProxy = CC4600321D9632460018815A /* PBXContainerItemProxy */;
		};
		CC4600421D9632460018815A /* PBXTargetDependency */ = {
			isa = PBXTargetDependency;
			target = CC46003E1D9632460018815A /* 去年买了个表 WatchKit Extension */;
			targetProxy = CC4600411D9632460018815A /* PBXContainerItemProxy */;
		};
/* End PBXTargetDependency section */

/* Begin PBXVariantGroup section */
		CC4600251D9632460018815A /* Main.storyboard */ = {
			isa = PBXVariantGroup;
			children = (
				CC4600261D9632460018815A /* Base */,
			);
			name = Main.storyboard;
			sourceTree = "<group>";
		};
		CC46002A1D9632460018815A /* LaunchScreen.storyboard */ = {
			isa = PBXVariantGroup;
			children = (
				CC46002B1D9632460018815A /* Base */,
			);
			name = LaunchScreen.storyboard;
			sourceTree = "<group>";
		};
		CC4600351D9632460018815A /* Interface.storyboard */ = {
			isa = PBXVariantGroup;
			children = (
				CC4600361D9632460018815A /* Base */,
			);
			name = Interface.storyboard;
			sourceTree = "<group>";
		};
/* End PBXVariantGroup section */

/* Begin XCBuildConfiguration section */
		CC4600521D9632460018815A /* Debug */ = {
			isa = XCBuildConfiguration;
			buildSettings = {
				ALWAYS_SEARCH_USER_PATHS = NO;
				CLANG_ANALYZER_NONNULL = YES;
				CLANG_CXX_LANGUAGE_STANDARD = "gnu++0x";
				CLANG_CXX_LIBRARY = "libc++";
				CLANG_ENABLE_MODULES = YES;
				CLANG_ENABLE_OBJC_ARC = YES;
				CLANG_WARN_BOOL_CONVERSION = YES;
				CLANG_WARN_CONSTANT_CONVERSION = YES;
				CLANG_WARN_DIRECT_OBJC_ISA_USAGE = YES_ERROR;
				CLANG_WARN_EMPTY_BODY = YES;
				CLANG_WARN_ENUM_CONVERSION = YES;
				CLANG_WARN_INT_CONVERSION = YES;
				CLANG_WARN_OBJC_ROOT_CLASS = YES_ERROR;
				CLANG_WARN_UNREACHABLE_CODE = YES;
				CLANG_WARN__DUPLICATE_METHOD_MATCH = YES;
				"CODE_SIGN_IDENTITY[sdk=iphoneos*]" = "iPhone Developer";
				COPY_PHASE_STRIP = NO;
				DEBUG_INFORMATION_FORMAT = dwarf;
				ENABLE_STRICT_OBJC_MSGSEND = YES;
				ENABLE_TESTABILITY = YES;
				GCC_C_LANGUAGE_STANDARD = gnu99;
				GCC_DYNAMIC_NO_PIC = NO;
				GCC_NO_COMMON_BLOCKS = YES;
				GCC_OPTIMIZATION_LEVEL = 0;
				GCC_PREPROCESSOR_DEFINITIONS = (
					"DEBUG=1",
					"$(inherited)",
				);
				GCC_WARN_64_TO_32_BIT_CONVERSION = YES;
				GCC_WARN_ABOUT_RETURN_TYPE = YES_ERROR;
				GCC_WARN_UNDECLARED_SELECTOR = YES;
				GCC_WARN_UNINITIALIZED_AUTOS = YES_AGGRESSIVE;
				GCC_WARN_UNUSED_FUNCTION = YES;
				GCC_WARN_UNUSED_VARIABLE = YES;
				IPHONEOS_DEPLOYMENT_TARGET = 9.3;
				MTL_ENABLE_DEBUG_INFO = YES;
				ONLY_ACTIVE_ARCH = YES;
				SDKROOT = iphoneos;
			};
			name = Debug;
		};
		CC4600531D9632460018815A /* Release */ = {
			isa = XCBuildConfiguration;
			buildSettings = {
				ALWAYS_SEARCH_USER_PATHS = NO;
				CLANG_ANALYZER_NONNULL = YES;
				CLANG_CXX_LANGUAGE_STANDARD = "gnu++0x";
				CLANG_CXX_LIBRARY = "libc++";
				CLANG_ENABLE_MODULES = YES;
				CLANG_ENABLE_OBJC_ARC = YES;
				CLANG_WARN_BOOL_CONVERSION = YES;
				CLANG_WARN_CONSTANT_CONVERSION = YES;
				CLANG_WARN_DIRECT_OBJC_ISA_USAGE = YES_ERROR;
				CLANG_WARN_EMPTY_BODY = YES;
				CLANG_WARN_ENUM_CONVERSION = YES;
				CLANG_WARN_INT_CONVERSION = YES;
				CLANG_WARN_OBJC_ROOT_CLASS = YES_ERROR;
				CLANG_WARN_UNREACHABLE_CODE = YES;
				CLANG_WARN__DUPLICATE_METHOD_MATCH = YES;
				"CODE_SIGN_IDENTITY[sdk=iphoneos*]" = "iPhone Developer";
				COPY_PHASE_STRIP = NO;
				DEBUG_INFORMATION_FORMAT = "dwarf-with-dsym";
				ENABLE_NS_ASSERTIONS = NO;
				ENABLE_STRICT_OBJC_MSGSEND = YES;
				GCC_C_LANGUAGE_STANDARD = gnu99;
				GCC_NO_COMMON_BLOCKS = YES;
				GCC_WARN_64_TO_32_BIT_CONVERSION = YES;
				GCC_WARN_ABOUT_RETURN_TYPE = YES_ERROR;
				GCC_WARN_UNDECLARED_SELECTOR = YES;
				GCC_WARN_UNINITIALIZED_AUTOS = YES_AGGRESSIVE;
				GCC_WARN_UNUSED_FUNCTION = YES;
				GCC_WARN_UNUSED_VARIABLE = YES;
				IPHONEOS_DEPLOYMENT_TARGET = 9.3;
				MTL_ENABLE_DEBUG_INFO = NO;
				SDKROOT = iphoneos;
				VALIDATE_PRODUCT = YES;
			};
			name = Release;
		};
		CC4600551D9632460018815A /* Debug */ = {
			isa = XCBuildConfiguration;
			buildSettings = {
				INFOPLIST_FILE = "去年买了个表 WatchKit Extension/Info.plist";
				LD_RUNPATH_SEARCH_PATHS = "$(inherited) @executable_path/Frameworks @executable_path/../../Frameworks";
				PRODUCT_BUNDLE_IDENTIFIER = "zbf.------.watchkitapp.watchkitextension";
				PRODUCT_NAME = "${TARGET_NAME}";
				SDKROOT = watchos;
				SKIP_INSTALL = YES;
				TARGETED_DEVICE_FAMILY = 4;
				WATCHOS_DEPLOYMENT_TARGET = 2.2;
			};
			name = Debug;
		};
		CC4600561D9632460018815A /* Release */ = {
			isa = XCBuildConfiguration;
			buildSettings = {
				INFOPLIST_FILE = "去年买了个表 WatchKit Extension/Info.plist";
				LD_RUNPATH_SEARCH_PATHS = "$(inherited) @executable_path/Frameworks @executable_path/../../Frameworks";
				PRODUCT_BUNDLE_IDENTIFIER = "zbf.------.watchkitapp.watchkitextension";
				PRODUCT_NAME = "${TARGET_NAME}";
				SDKROOT = watchos;
				SKIP_INSTALL = YES;
				TARGETED_DEVICE_FAMILY = 4;
				WATCHOS_DEPLOYMENT_TARGET = 2.2;
			};
			name = Release;
		};
		CC4600591D9632460018815A /* Debug */ = {
			isa = XCBuildConfiguration;
			buildSettings = {
				ASSETCATALOG_COMPILER_APPICON_NAME = AppIcon;
				IBSC_MODULE = "_______WatchKit_Extension";
				INFOPLIST_FILE = "去年买了个表 WatchKit App/Info.plist";
				PRODUCT_BUNDLE_IDENTIFIER = "zbf.------.watchkitapp";
				PRODUCT_NAME = "$(TARGET_NAME)";
				SDKROOT = watchos;
				SKIP_INSTALL = YES;
				TARGETED_DEVICE_FAMILY = 4;
				WATCHOS_DEPLOYMENT_TARGET = 2.2;
			};
			name = Debug;
		};
		CC46005A1D9632460018815A /* Release */ = {
			isa = XCBuildConfiguration;
			buildSettings = {
				ASSETCATALOG_COMPILER_APPICON_NAME = AppIcon;
				IBSC_MODULE = "_______WatchKit_Extension";
				INFOPLIST_FILE = "去年买了个表 WatchKit App/Info.plist";
				PRODUCT_BUNDLE_IDENTIFIER = "zbf.------.watchkitapp";
				PRODUCT_NAME = "$(TARGET_NAME)";
				SDKROOT = watchos;
				SKIP_INSTALL = YES;
				TARGETED_DEVICE_FAMILY = 4;
				WATCHOS_DEPLOYMENT_TARGET = 2.2;
			};
			name = Release;
		};
		CC46005D1D9632460018815A /* Debug */ = {
			isa = XCBuildConfiguration;
			buildSettings = {
				ASSETCATALOG_COMPILER_APPICON_NAME = AppIcon;
				INFOPLIST_FILE = "去年买了个表/Info.plist";
				LD_RUNPATH_SEARCH_PATHS = "$(inherited) @executable_path/Frameworks";
				PRODUCT_BUNDLE_IDENTIFIER = "zbf.------";
				PRODUCT_NAME = "$(TARGET_NAME)";
			};
			name = Debug;
		};
		CC46005E1D9632460018815A /* Release */ = {
			isa = XCBuildConfiguration;
			buildSettings = {
				ASSETCATALOG_COMPILER_APPICON_NAME = AppIcon;
				INFOPLIST_FILE = "去年买了个表/Info.plist";
				LD_RUNPATH_SEARCH_PATHS = "$(inherited) @executable_path/Frameworks";
				PRODUCT_BUNDLE_IDENTIFIER = "zbf.------";
				PRODUCT_NAME = "$(TARGET_NAME)";
			};
			name = Release;
		};
/* End XCBuildConfiguration section */

/* Begin XCConfigurationList section */
		CC4600141D9632460018815A /* Build configuration list for PBXProject "去年买了个表" */ = {
			isa = XCConfigurationList;
			buildConfigurations = (
				CC4600521D9632460018815A /* Debug */,
				CC4600531D9632460018815A /* Release */,
			);
			defaultConfigurationIsVisible = 0;
			defaultConfigurationName = Release;
		};
		CC4600541D9632460018815A /* Build configuration list for PBXNativeTarget "去年买了个表 WatchKit Extension" */ = {
			isa = XCConfigurationList;
			buildConfigurations = (
				CC4600551D9632460018815A /* Debug */,
				CC4600561D9632460018815A /* Release */,
			);
			defaultConfigurationIsVisible = 0;
		};
		CC4600581D9632460018815A /* Build configuration list for PBXNativeTarget "去年买了个表 WatchKit App" */ = {
			isa = XCConfigurationList;
			buildConfigurations = (
				CC4600591D9632460018815A /* Debug */,
				CC46005A1D9632460018815A /* Release */,
			);
			defaultConfigurationIsVisible = 0;
		};
		CC46005C1D9632460018815A /* Build configuration list for PBXNativeTarget "去年买了个表" */ = {
			isa = XCConfigurationList;
			buildConfigurations = (
				CC46005D1D9632460018815A /* Debug */,
				CC46005E1D9632460018815A /* Release */,
			);
			defaultConfigurationIsVisible = 0;
		};
/* End XCConfigurationList section */
	};
	rootObject = CC4600111D9632460018815A /* Project object */;
}
