// !$*UTF8*$!
{
	archiveVersion = 1;
	classes = {
	};
	objectVersion = 46;
	objects = {

/* Begin PBXBuildFile section */
		CCF48FDD1D8F7A080058A17F /* AppDelegate.swift in Sources */ = {isa = PBXBuildFile; fileRef = CCF48FDC1D8F7A080058A17F /* AppDelegate.swift */; };
		CCF48FDF1D8F7A080058A17F /* ViewController.swift in Sources */ = {isa = PBXBuildFile; fileRef = CCF48FDE1D8F7A080058A17F /* ViewController.swift */; };
		CCF48FE21D8F7A080058A17F /* Main.storyboard in Resources */ = {isa = PBXBuildFile; fileRef = CCF48FE01D8F7A080058A17F /* Main.storyboard */; };
		CCF48FE41D8F7A080058A17F /* Assets.xcassets in Resources */ = {isa = PBXBuildFile; fileRef = CCF48FE31D8F7A080058A17F /* Assets.xcassets */; };
		CCF48FE71D8F7A080058A17F /* LaunchScreen.storyboard in Resources */ = {isa = PBXBuildFile; fileRef = CCF48FE51D8F7A080058A17F /* LaunchScreen.storyboard */; };
/* End PBXBuildFile section */

/* Begin PBXFileReference section */
		CCF48FD91D8F7A080058A17F /* 数据类型.app */ = {isa = PBXFileReference; explicitFileType = wrapper.application; includeInIndex = 0; path = "数据类型.app"; sourceTree = BUILT_PRODUCTS_DIR; };
		CCF48FDC1D8F7A080058A17F /* AppDelegate.swift */ = {isa = PBXFileReference; lastKnownFileType = sourcecode.swift; path = AppDelegate.swift; sourceTree = "<group>"; };
		CCF48FDE1D8F7A080058A17F /* ViewController.swift */ = {isa = PBXFileReference; lastKnownFileType = sourcecode.swift; path = ViewController.swift; sourceTree = "<group>"; };
		CCF48FE11D8F7A080058A17F /* Base */ = {isa = PBXFileReference; lastKnownFileType = file.storyboard; name = Base; path = Base.lproj/Main.storyboard; sourceTree = "<group>"; };
		CCF48FE31D8F7A080058A17F /* Assets.xcassets */ = {isa = PBXFileReference; lastKnownFileType = folder.assetcatalog; path = Assets.xcassets; sourceTree = "<group>"; };
		CCF48FE61D8F7A080058A17F /* Base */ = {isa = PBXFileReference; lastKnownFileType = file.storyboard; name = Base; path = Base.lproj/LaunchScreen.storyboard; sourceTree = "<group>"; };
		CCF48FE81D8F7A080058A17F /* Info.plist */ = {isa = PBXFileReference; lastKnownFileType = text.plist.xml; path = Info.plist; sourceTree = "<group>"; };
/* End PBXFileReference section */

/* Begin PBXFrameworksBuildPhase section */
		CCF48FD61D8F7A080058A17F /* Frameworks */ = {
			isa = PBXFrameworksBuildPhase;
			buildActionMask = 2147483647;
			files = (
			);
			runOnlyForDeploymentPostprocessing = 0;
		};
/* End PBXFrameworksBuildPhase section */

/* Begin PBXGroup section */
		CCF48FD01D8F7A080058A17F = {
			isa = PBXGroup;
			children = (
				CCF48FDB1D8F7A080058A17F /* 数据类型 */,
				CCF48FDA1D8F7A080058A17F /* Products */,
			);
			sourceTree = "<group>";
		};
		CCF48FDA1D8F7A080058A17F /* Products */ = {
			isa = PBXGroup;
			children = (
				CCF48FD91D8F7A080058A17F /* 数据类型.app */,
			);
			name = Products;
			sourceTree = "<group>";
		};
		CCF48FDB1D8F7A080058A17F /* 数据类型 */ = {
			isa = PBXGroup;
			children = (
				CCF48FDC1D8F7A080058A17F /* AppDelegate.swift */,
				CCF48FDE1D8F7A080058A17F /* ViewController.swift */,
				CCF48FE01D8F7A080058A17F /* Main.storyboard */,
				CCF48FE31D8F7A080058A17F /* Assets.xcassets */,
				CCF48FE51D8F7A080058A17F /* LaunchScreen.storyboard */,
				CCF48FE81D8F7A080058A17F /* Info.plist */,
			);
			path = "数据类型";
			sourceTree = "<group>";
		};
/* End PBXGroup section */

/* Begin PBXNativeTarget section */
		CCF48FD81D8F7A080058A17F /* 数据类型 */ = {
			isa = PBXNativeTarget;
			buildConfigurationList = CCF48FEB1D8F7A080058A17F /* Build configuration list for PBXNativeTarget "数据类型" */;
			buildPhases = (
				CCF48FD51D8F7A080058A17F /* Sources */,
				CCF48FD61D8F7A080058A17F /* Frameworks */,
				CCF48FD71D8F7A080058A17F /* Resources */,
			);
			buildRules = (
			);
			dependencies = (
			);
			name = "数据类型";
			productName = "数据类型";
			productReference = CCF48FD91D8F7A080058A17F /* 数据类型.app */;
			productType = "com.apple.product-type.application";
		};
/* End PBXNativeTarget section */

/* Begin PBXProject section */
		CCF48FD11D8F7A080058A17F /* Project object */ = {
			isa = PBXProject;
			attributes = {
				LastSwiftUpdateCheck = 0730;
				LastUpgradeCheck = 0730;
				ORGANIZATIONNAME = qingyun;
				TargetAttributes = {
					CCF48FD81D8F7A080058A17F = {
						CreatedOnToolsVersion = 7.3;
					};
				};
			};
			buildConfigurationList = CCF48FD41D8F7A080058A17F /* Build configuration list for PBXProject "数据类型" */;
			compatibilityVersion = "Xcode 3.2";
			developmentRegion = English;
			hasScannedForEncodings = 0;
			knownRegions = (
				en,
				Base,
			);
			mainGroup = CCF48FD01D8F7A080058A17F;
			productRefGroup = CCF48FDA1D8F7A080058A17F /* Products */;
			projectDirPath = "";
			projectRoot = "";
			targets = (
				CCF48FD81D8F7A080058A17F /* 数据类型 */,
			);
		};
/* End PBXProject section */

/* Begin PBXResourcesBuildPhase section */
		CCF48FD71D8F7A080058A17F /* Resources */ = {
			isa = PBXResourcesBuildPhase;
			buildActionMask = 2147483647;
			files = (
				CCF48FE71D8F7A080058A17F /* LaunchScreen.storyboard in Resources */,
				CCF48FE41D8F7A080058A17F /* Assets.xcassets in Resources */,
				CCF48FE21D8F7A080058A17F /* Main.storyboard in Resources */,
			);
			runOnlyForDeploymentPostprocessing = 0;
		};
/* End PBXResourcesBuildPhase section */

/* Begin PBXSourcesBuildPhase section */
		CCF48FD51D8F7A080058A17F /* Sources */ = {
			isa = PBXSourcesBuildPhase;
			buildActionMask = 2147483647;
			files = (
				CCF48FDF1D8F7A080058A17F /* ViewController.swift in Sources */,
				CCF48FDD1D8F7A080058A17F /* AppDelegate.swift in Sources */,
			);
			runOnlyForDeploymentPostprocessing = 0;
		};
/* End PBXSourcesBuildPhase section */

/* Begin PBXVariantGroup section */
		CCF48FE01D8F7A080058A17F /* Main.storyboard */ = {
			isa = PBXVariantGroup;
			children = (
				CCF48FE11D8F7A080058A17F /* Base */,
			);
			name = Main.storyboard;
			sourceTree = "<group>";
		};
		CCF48FE51D8F7A080058A17F /* LaunchScreen.storyboard */ = {
			isa = PBXVariantGroup;
			children = (
				CCF48FE61D8F7A080058A17F /* Base */,
			);
			name = LaunchScreen.storyboard;
			sourceTree = "<group>";
		};
/* End PBXVariantGroup section */

/* Begin XCBuildConfiguration section */
		CCF48FE91D8F7A080058A17F /* Debug */ = {
			isa = XCBuildConfiguration;
			buildSettings = {
				ALWAYS_SEARCH_USER_PATHS = NO;
				CLANG_ANALYZER_NONNULL = YES;
				CLANG_CXX_LANGUAGE_STANDARD = "gnu++0x";
				CLANG_CXX_LIBRARY = "libc++";
				CLANG_ENABLE_MODULES = YES;
				CLANG_ENABLE_OBJC_ARC = YES;
				CLANG_WARN_BOOL_CONVERSION = YES;
				CLANG_WARN_CONSTANT_CONVERSION = YES;
				CLANG_WARN_DIRECT_OBJC_ISA_USAGE = YES_ERROR;
				CLANG_WARN_EMPTY_BODY = YES;
				CLANG_WARN_ENUM_CONVERSION = YES;
				CLANG_WARN_INT_CONVERSION = YES;
				CLANG_WARN_OBJC_ROOT_CLASS = YES_ERROR;
				CLANG_WARN_UNREACHABLE_CODE = YES;
				CLANG_WARN__DUPLICATE_METHOD_MATCH = YES;
				"CODE_SIGN_IDENTITY[sdk=iphoneos*]" = "iPhone Developer";
				COPY_PHASE_STRIP = NO;
				DEBUG_INFORMATION_FORMAT = dwarf;
				ENABLE_STRICT_OBJC_MSGSEND = YES;
				ENABLE_TESTABILITY = YES;
				GCC_C_LANGUAGE_STANDARD = gnu99;
				GCC_DYNAMIC_NO_PIC = NO;
				GCC_NO_COMMON_BLOCKS = YES;
				GCC_OPTIMIZATION_LEVEL = 0;
				GCC_PREPROCESSOR_DEFINITIONS = (
					"DEBUG=1",
					"$(inherited)",
				);
				GCC_WARN_64_TO_32_BIT_CONVERSION = YES;
				GCC_WARN_ABOUT_RETURN_TYPE = YES_ERROR;
				GCC_WARN_UNDECLARED_SELECTOR = YES;
				GCC_WARN_UNINITIALIZED_AUTOS = YES_AGGRESSIVE;
				GCC_WARN_UNUSED_FUNCTION = YES;
				GCC_WARN_UNUSED_VARIABLE = YES;
				IPHONEOS_DEPLOYMENT_TARGET = 9.3;
				MTL_ENABLE_DEBUG_INFO = YES;
				ONLY_ACTIVE_ARCH = YES;
				SDKROOT = iphoneos;
				SWIFT_OPTIMIZATION_LEVEL = "-Onone";
			};
			name = Debug;
		};
		CCF48FEA1D8F7A080058A17F /* Release */ = {
			isa = XCBuildConfiguration;
			buildSettings = {
				ALWAYS_SEARCH_USER_PATHS = NO;
				CLANG_ANALYZER_NONNULL = YES;
				CLANG_CXX_LANGUAGE_STANDARD = "gnu++0x";
				CLANG_CXX_LIBRARY = "libc++";
				CLANG_ENABLE_MODULES = YES;
				CLANG_ENABLE_OBJC_ARC = YES;
				CLANG_WARN_BOOL_CONVERSION = YES;
				CLANG_WARN_CONSTANT_CONVERSION = YES;
				CLANG_WARN_DIRECT_OBJC_ISA_USAGE = YES_ERROR;
				CLANG_WARN_EMPTY_BODY = YES;
				CLANG_WARN_ENUM_CONVERSION = YES;
				CLANG_WARN_INT_CONVERSION = YES;
				CLANG_WARN_OBJC_ROOT_CLASS = YES_ERROR;
				CLANG_WARN_UNREACHABLE_CODE = YES;
				CLANG_WARN__DUPLICATE_METHOD_MATCH = YES;
				"CODE_SIGN_IDENTITY[sdk=iphoneos*]" = "iPhone Developer";
				COPY_PHASE_STRIP = NO;
				DEBUG_INFORMATION_FORMAT = "dwarf-with-dsym";
				ENABLE_NS_ASSERTIONS = NO;
				ENABLE_STRICT_OBJC_MSGSEND = YES;
				GCC_C_LANGUAGE_STANDARD = gnu99;
				GCC_NO_COMMON_BLOCKS = YES;
				GCC_WARN_64_TO_32_BIT_CONVERSION = YES;
				GCC_WARN_ABOUT_RETURN_TYPE = YES_ERROR;
				GCC_WARN_UNDECLARED_SELECTOR = YES;
				GCC_WARN_UNINITIALIZED_AUTOS = YES_AGGRESSIVE;
				GCC_WARN_UNUSED_FUNCTION = YES;
				GCC_WARN_UNUSED_VARIABLE = YES;
				IPHONEOS_DEPLOYMENT_TARGET = 9.3;
				MTL_ENABLE_DEBUG_INFO = NO;
				SDKROOT = iphoneos;
				VALIDATE_PRODUCT = YES;
			};
			name = Release;
		};
		CCF48FEC1D8F7A080058A17F /* Debug */ = {
			isa = XCBuildConfiguration;
			buildSettings = {
				ASSETCATALOG_COMPILER_APPICON_NAME = AppIcon;
				INFOPLIST_FILE = "数据类型/Info.plist";
				LD_RUNPATH_SEARCH_PATHS = "$(inherited) @executable_path/Frameworks";
				PRODUCT_BUNDLE_IDENTIFIER = "zbf.----";
				PRODUCT_NAME = "$(TARGET_NAME)";
			};
			name = Debug;
		};
		CCF48FED1D8F7A080058A17F /* Release */ = {
			isa = XCBuildConfiguration;
			buildSettings = {
				ASSETCATALOG_COMPILER_APPICON_NAME = AppIcon;
				INFOPLIST_FILE = "数据类型/Info.plist";
				LD_RUNPATH_SEARCH_PATHS = "$(inherited) @executable_path/Frameworks";
				PRODUCT_BUNDLE_IDENTIFIER = "zbf.----";
				PRODUCT_NAME = "$(TARGET_NAME)";
			};
			name = Release;
		};
/* End XCBuildConfiguration section */

/* Begin XCConfigurationList section */
		CCF48FD41D8F7A080058A17F /* Build configuration list for PBXProject "数据类型" */ = {
			isa = XCConfigurationList;
			buildConfigurations = (
				CCF48FE91D8F7A080058A17F /* Debug */,
				CCF48FEA1D8F7A080058A17F /* Release */,
			);
			defaultConfigurationIsVisible = 0;
			defaultConfigurationName = Release;
		};
		CCF48FEB1D8F7A080058A17F /* Build configuration list for PBXNativeTarget "数据类型" */ = {
			isa = XCConfigurationList;
			buildConfigurations = (
				CCF48FEC1D8F7A080058A17F /* Debug */,
				CCF48FED1D8F7A080058A17F /* Release */,
			);
			defaultConfigurationIsVisible = 0;
		};
/* End XCConfigurationList section */
	};
	rootObject = CCF48FD11D8F7A080058A17F /* Project object */;
}
