// !$*UTF8*$!
{
	archiveVersion = 1;
	classes = {
	};
	objectVersion = 46;
	objects = {

/* Begin PBXBuildFile section */
		CC133D261D93C81200572420 /* AppDelegate.swift in Sources */ = {isa = PBXBuildFile; fileRef = CC133D251D93C81200572420 /* AppDelegate.swift */; };
		CC133D281D93C81200572420 /* ViewController.swift in Sources */ = {isa = PBXBuildFile; fileRef = CC133D271D93C81200572420 /* ViewController.swift */; };
		CC133D2B1D93C81200572420 /* Main.storyboard in Resources */ = {isa = PBXBuildFile; fileRef = CC133D291D93C81200572420 /* Main.storyboard */; };
		CC133D2D1D93C81200572420 /* Assets.xcassets in Resources */ = {isa = PBXBuildFile; fileRef = CC133D2C1D93C81200572420 /* Assets.xcassets */; };
		CC133D301D93C81200572420 /* LaunchScreen.storyboard in Resources */ = {isa = PBXBuildFile; fileRef = CC133D2E1D93C81200572420 /* LaunchScreen.storyboard */; };
		CC133D381D93C8BB00572420 /* FistVC.swift in Sources */ = {isa = PBXBuildFile; fileRef = CC133D371D93C8BB00572420 /* FistVC.swift */; };
		CC133D3A1D93C8CB00572420 /* SecondVC.swift in Sources */ = {isa = PBXBuildFile; fileRef = CC133D391D93C8CB00572420 /* SecondVC.swift */; };
		CC133D3C1D93C8DC00572420 /* ThirdVC.swift in Sources */ = {isa = PBXBuildFile; fileRef = CC133D3B1D93C8DC00572420 /* ThirdVC.swift */; };
/* End PBXBuildFile section */

/* Begin PBXFileReference section */
		CC133D221D93C81200572420 /* 分栏控制器.app */ = {isa = PBXFileReference; explicitFileType = wrapper.application; includeInIndex = 0; path = "分栏控制器.app"; sourceTree = BUILT_PRODUCTS_DIR; };
		CC133D251D93C81200572420 /* AppDelegate.swift */ = {isa = PBXFileReference; lastKnownFileType = sourcecode.swift; path = AppDelegate.swift; sourceTree = "<group>"; };
		CC133D271D93C81200572420 /* ViewController.swift */ = {isa = PBXFileReference; lastKnownFileType = sourcecode.swift; path = ViewController.swift; sourceTree = "<group>"; };
		CC133D2A1D93C81200572420 /* Base */ = {isa = PBXFileReference; lastKnownFileType = file.storyboard; name = Base; path = Base.lproj/Main.storyboard; sourceTree = "<group>"; };
		CC133D2C1D93C81200572420 /* Assets.xcassets */ = {isa = PBXFileReference; lastKnownFileType = folder.assetcatalog; path = Assets.xcassets; sourceTree = "<group>"; };
		CC133D2F1D93C81200572420 /* Base */ = {isa = PBXFileReference; lastKnownFileType = file.storyboard; name = Base; path = Base.lproj/LaunchScreen.storyboard; sourceTree = "<group>"; };
		CC133D311D93C81200572420 /* Info.plist */ = {isa = PBXFileReference; lastKnownFileType = text.plist.xml; path = Info.plist; sourceTree = "<group>"; };
		CC133D371D93C8BB00572420 /* FistVC.swift */ = {isa = PBXFileReference; fileEncoding = 4; lastKnownFileType = sourcecode.swift; path = FistVC.swift; sourceTree = "<group>"; };
		CC133D391D93C8CB00572420 /* SecondVC.swift */ = {isa = PBXFileReference; fileEncoding = 4; lastKnownFileType = sourcecode.swift; path = SecondVC.swift; sourceTree = "<group>"; };
		CC133D3B1D93C8DC00572420 /* ThirdVC.swift */ = {isa = PBXFileReference; fileEncoding = 4; lastKnownFileType = sourcecode.swift; path = ThirdVC.swift; sourceTree = "<group>"; };
/* End PBXFileReference section */

/* Begin PBXFrameworksBuildPhase section */
		CC133D1F1D93C81200572420 /* Frameworks */ = {
			isa = PBXFrameworksBuildPhase;
			buildActionMask = 2147483647;
			files = (
			);
			runOnlyForDeploymentPostprocessing = 0;
		};
/* End PBXFrameworksBuildPhase section */

/* Begin PBXGroup section */
		CC133D191D93C81200572420 = {
			isa = PBXGroup;
			children = (
				CC133D241D93C81200572420 /* 分栏控制器 */,
				CC133D231D93C81200572420 /* Products */,
			);
			sourceTree = "<group>";
		};
		CC133D231D93C81200572420 /* Products */ = {
			isa = PBXGroup;
			children = (
				CC133D221D93C81200572420 /* 分栏控制器.app */,
			);
			name = Products;
			sourceTree = "<group>";
		};
		CC133D241D93C81200572420 /* 分栏控制器 */ = {
			isa = PBXGroup;
			children = (
				CC133D251D93C81200572420 /* AppDelegate.swift */,
				CC133D271D93C81200572420 /* ViewController.swift */,
				CC133D291D93C81200572420 /* Main.storyboard */,
				CC133D2C1D93C81200572420 /* Assets.xcassets */,
				CC133D2E1D93C81200572420 /* LaunchScreen.storyboard */,
				CC133D371D93C8BB00572420 /* FistVC.swift */,
				CC133D391D93C8CB00572420 /* SecondVC.swift */,
				CC133D3B1D93C8DC00572420 /* ThirdVC.swift */,
				CC133D311D93C81200572420 /* Info.plist */,
			);
			path = "分栏控制器";
			sourceTree = "<group>";
		};
/* End PBXGroup section */

/* Begin PBXNativeTarget section */
		CC133D211D93C81200572420 /* 分栏控制器 */ = {
			isa = PBXNativeTarget;
			buildConfigurationList = CC133D341D93C81200572420 /* Build configuration list for PBXNativeTarget "分栏控制器" */;
			buildPhases = (
				CC133D1E1D93C81200572420 /* Sources */,
				CC133D1F1D93C81200572420 /* Frameworks */,
				CC133D201D93C81200572420 /* Resources */,
			);
			buildRules = (
			);
			dependencies = (
			);
			name = "分栏控制器";
			productName = "分栏控制器";
			productReference = CC133D221D93C81200572420 /* 分栏控制器.app */;
			productType = "com.apple.product-type.application";
		};
/* End PBXNativeTarget section */

/* Begin PBXProject section */
		CC133D1A1D93C81200572420 /* Project object */ = {
			isa = PBXProject;
			attributes = {
				LastSwiftUpdateCheck = 0730;
				LastUpgradeCheck = 0730;
				ORGANIZATIONNAME = qingyun;
				TargetAttributes = {
					CC133D211D93C81200572420 = {
						CreatedOnToolsVersion = 7.3;
					};
				};
			};
			buildConfigurationList = CC133D1D1D93C81200572420 /* Build configuration list for PBXProject "分栏控制器" */;
			compatibilityVersion = "Xcode 3.2";
			developmentRegion = English;
			hasScannedForEncodings = 0;
			knownRegions = (
				en,
				Base,
			);
			mainGroup = CC133D191D93C81200572420;
			productRefGroup = CC133D231D93C81200572420 /* Products */;
			projectDirPath = "";
			projectRoot = "";
			targets = (
				CC133D211D93C81200572420 /* 分栏控制器 */,
			);
		};
/* End PBXProject section */

/* Begin PBXResourcesBuildPhase section */
		CC133D201D93C81200572420 /* Resources */ = {
			isa = PBXResourcesBuildPhase;
			buildActionMask = 2147483647;
			files = (
				CC133D301D93C81200572420 /* LaunchScreen.storyboard in Resources */,
				CC133D2D1D93C81200572420 /* Assets.xcassets in Resources */,
				CC133D2B1D93C81200572420 /* Main.storyboard in Resources */,
			);
			runOnlyForDeploymentPostprocessing = 0;
		};
/* End PBXResourcesBuildPhase section */

/* Begin PBXSourcesBuildPhase section */
		CC133D1E1D93C81200572420 /* Sources */ = {
			isa = PBXSourcesBuildPhase;
			buildActionMask = 2147483647;
			files = (
				CC133D381D93C8BB00572420 /* FistVC.swift in Sources */,
				CC133D281D93C81200572420 /* ViewController.swift in Sources */,
				CC133D3A1D93C8CB00572420 /* SecondVC.swift in Sources */,
				CC133D261D93C81200572420 /* AppDelegate.swift in Sources */,
				CC133D3C1D93C8DC00572420 /* ThirdVC.swift in Sources */,
			);
			runOnlyForDeploymentPostprocessing = 0;
		};
/* End PBXSourcesBuildPhase section */

/* Begin PBXVariantGroup section */
		CC133D291D93C81200572420 /* Main.storyboard */ = {
			isa = PBXVariantGroup;
			children = (
				CC133D2A1D93C81200572420 /* Base */,
			);
			name = Main.storyboard;
			sourceTree = "<group>";
		};
		CC133D2E1D93C81200572420 /* LaunchScreen.storyboard */ = {
			isa = PBXVariantGroup;
			children = (
				CC133D2F1D93C81200572420 /* Base */,
			);
			name = LaunchScreen.storyboard;
			sourceTree = "<group>";
		};
/* End PBXVariantGroup section */

/* Begin XCBuildConfiguration section */
		CC133D321D93C81200572420 /* Debug */ = {
			isa = XCBuildConfiguration;
			buildSettings = {
				ALWAYS_SEARCH_USER_PATHS = NO;
				CLANG_ANALYZER_NONNULL = YES;
				CLANG_CXX_LANGUAGE_STANDARD = "gnu++0x";
				CLANG_CXX_LIBRARY = "libc++";
				CLANG_ENABLE_MODULES = YES;
				CLANG_ENABLE_OBJC_ARC = YES;
				CLANG_WARN_BOOL_CONVERSION = YES;
				CLANG_WARN_CONSTANT_CONVERSION = YES;
				CLANG_WARN_DIRECT_OBJC_ISA_USAGE = YES_ERROR;
				CLANG_WARN_EMPTY_BODY = YES;
				CLANG_WARN_ENUM_CONVERSION = YES;
				CLANG_WARN_INT_CONVERSION = YES;
				CLANG_WARN_OBJC_ROOT_CLASS = YES_ERROR;
				CLANG_WARN_UNREACHABLE_CODE = YES;
				CLANG_WARN__DUPLICATE_METHOD_MATCH = YES;
				"CODE_SIGN_IDENTITY[sdk=iphoneos*]" = "iPhone Developer";
				COPY_PHASE_STRIP = NO;
				DEBUG_INFORMATION_FORMAT = dwarf;
				ENABLE_STRICT_OBJC_MSGSEND = YES;
				ENABLE_TESTABILITY = YES;
				GCC_C_LANGUAGE_STANDARD = gnu99;
				GCC_DYNAMIC_NO_PIC = NO;
				GCC_NO_COMMON_BLOCKS = YES;
				GCC_OPTIMIZATION_LEVEL = 0;
				GCC_PREPROCESSOR_DEFINITIONS = (
					"DEBUG=1",
					"$(inherited)",
				);
				GCC_WARN_64_TO_32_BIT_CONVERSION = YES;
				GCC_WARN_ABOUT_RETURN_TYPE = YES_ERROR;
				GCC_WARN_UNDECLARED_SELECTOR = YES;
				GCC_WARN_UNINITIALIZED_AUTOS = YES_AGGRESSIVE;
				GCC_WARN_UNUSED_FUNCTION = YES;
				GCC_WARN_UNUSED_VARIABLE = YES;
				IPHONEOS_DEPLOYMENT_TARGET = 9.3;
				MTL_ENABLE_DEBUG_INFO = YES;
				ONLY_ACTIVE_ARCH = YES;
				SDKROOT = iphoneos;
				SWIFT_OPTIMIZATION_LEVEL = "-Onone";
			};
			name = Debug;
		};
		CC133D331D93C81200572420 /* Release */ = {
			isa = XCBuildConfiguration;
			buildSettings = {
				ALWAYS_SEARCH_USER_PATHS = NO;
				CLANG_ANALYZER_NONNULL = YES;
				CLANG_CXX_LANGUAGE_STANDARD = "gnu++0x";
				CLANG_CXX_LIBRARY = "libc++";
				CLANG_ENABLE_MODULES = YES;
				CLANG_ENABLE_OBJC_ARC = YES;
				CLANG_WARN_BOOL_CONVERSION = YES;
				CLANG_WARN_CONSTANT_CONVERSION = YES;
				CLANG_WARN_DIRECT_OBJC_ISA_USAGE = YES_ERROR;
				CLANG_WARN_EMPTY_BODY = YES;
				CLANG_WARN_ENUM_CONVERSION = YES;
				CLANG_WARN_INT_CONVERSION = YES;
				CLANG_WARN_OBJC_ROOT_CLASS = YES_ERROR;
				CLANG_WARN_UNREACHABLE_CODE = YES;
				CLANG_WARN__DUPLICATE_METHOD_MATCH = YES;
				"CODE_SIGN_IDENTITY[sdk=iphoneos*]" = "iPhone Developer";
				COPY_PHASE_STRIP = NO;
				DEBUG_INFORMATION_FORMAT = "dwarf-with-dsym";
				ENABLE_NS_ASSERTIONS = NO;
				ENABLE_STRICT_OBJC_MSGSEND = YES;
				GCC_C_LANGUAGE_STANDARD = gnu99;
				GCC_NO_COMMON_BLOCKS = YES;
				GCC_WARN_64_TO_32_BIT_CONVERSION = YES;
				GCC_WARN_ABOUT_RETURN_TYPE = YES_ERROR;
				GCC_WARN_UNDECLARED_SELECTOR = YES;
				GCC_WARN_UNINITIALIZED_AUTOS = YES_AGGRESSIVE;
				GCC_WARN_UNUSED_FUNCTION = YES;
				GCC_WARN_UNUSED_VARIABLE = YES;
				IPHONEOS_DEPLOYMENT_TARGET = 9.3;
				MTL_ENABLE_DEBUG_INFO = NO;
				SDKROOT = iphoneos;
				VALIDATE_PRODUCT = YES;
			};
			name = Release;
		};
		CC133D351D93C81200572420 /* Debug */ = {
			isa = XCBuildConfiguration;
			buildSettings = {
				ASSETCATALOG_COMPILER_APPICON_NAME = AppIcon;
				INFOPLIST_FILE = "分栏控制器/Info.plist";
				LD_RUNPATH_SEARCH_PATHS = "$(inherited) @executable_path/Frameworks";
				PRODUCT_BUNDLE_IDENTIFIER = "zbf.-----";
				PRODUCT_NAME = "$(TARGET_NAME)";
			};
			name = Debug;
		};
		CC133D361D93C81200572420 /* Release */ = {
			isa = XCBuildConfiguration;
			buildSettings = {
				ASSETCATALOG_COMPILER_APPICON_NAME = AppIcon;
				INFOPLIST_FILE = "分栏控制器/Info.plist";
				LD_RUNPATH_SEARCH_PATHS = "$(inherited) @executable_path/Frameworks";
				PRODUCT_BUNDLE_IDENTIFIER = "zbf.-----";
				PRODUCT_NAME = "$(TARGET_NAME)";
			};
			name = Release;
		};
/* End XCBuildConfiguration section */

/* Begin XCConfigurationList section */
		CC133D1D1D93C81200572420 /* Build configuration list for PBXProject "分栏控制器" */ = {
			isa = XCConfigurationList;
			buildConfigurations = (
				CC133D321D93C81200572420 /* Debug */,
				CC133D331D93C81200572420 /* Release */,
			);
			defaultConfigurationIsVisible = 0;
			defaultConfigurationName = Release;
		};
		CC133D341D93C81200572420 /* Build configuration list for PBXNativeTarget "分栏控制器" */ = {
			isa = XCConfigurationList;
			buildConfigurations = (
				CC133D351D93C81200572420 /* Debug */,
				CC133D361D93C81200572420 /* Release */,
			);
			defaultConfigurationIsVisible = 0;
		};
/* End XCConfigurationList section */
	};
	rootObject = CC133D1A1D93C81200572420 /* Project object */;
}
