// !$*UTF8*$!
{
	archiveVersion = 1;
	classes = {
	};
	objectVersion = 46;
	objects = {

/* Begin PBXBuildFile section */
		CC4DACAF1D917B49003ACA44 /* main.swift in Sources */ = {isa = PBXBuildFile; fileRef = CC4DACAE1D917B49003ACA44 /* main.swift */; };
		CC4DACB61D917B6A003ACA44 /* Person.swift in Sources */ = {isa = PBXBuildFile; fileRef = CC4DACB51D917B6A003ACA44 /* Person.swift */; };
		CC4DACB81D917B73003ACA44 /* Student.swift in Sources */ = {isa = PBXBuildFile; fileRef = CC4DACB71D917B73003ACA44 /* Student.swift */; };
/* End PBXBuildFile section */

/* Begin PBXCopyFilesBuildPhase section */
		CC4DACA91D917B49003ACA44 /* CopyFiles */ = {
			isa = PBXCopyFilesBuildPhase;
			buildActionMask = 2147483647;
			dstPath = /usr/share/man/man1/;
			dstSubfolderSpec = 0;
			files = (
			);
			runOnlyForDeploymentPostprocessing = 1;
		};
/* End PBXCopyFilesBuildPhase section */

/* Begin PBXFileReference section */
		CC4DACAB1D917B49003ACA44 /* 类型检查 */ = {isa = PBXFileReference; explicitFileType = "compiled.mach-o.executable"; includeInIndex = 0; path = "类型检查"; sourceTree = BUILT_PRODUCTS_DIR; };
		CC4DACAE1D917B49003ACA44 /* main.swift */ = {isa = PBXFileReference; lastKnownFileType = sourcecode.swift; path = main.swift; sourceTree = "<group>"; };
		CC4DACB51D917B6A003ACA44 /* Person.swift */ = {isa = PBXFileReference; fileEncoding = 4; lastKnownFileType = sourcecode.swift; path = Person.swift; sourceTree = "<group>"; };
		CC4DACB71D917B73003ACA44 /* Student.swift */ = {isa = PBXFileReference; fileEncoding = 4; lastKnownFileType = sourcecode.swift; path = Student.swift; sourceTree = "<group>"; };
/* End PBXFileReference section */

/* Begin PBXFrameworksBuildPhase section */
		CC4DACA81D917B49003ACA44 /* Frameworks */ = {
			isa = PBXFrameworksBuildPhase;
			buildActionMask = 2147483647;
			files = (
			);
			runOnlyForDeploymentPostprocessing = 0;
		};
/* End PBXFrameworksBuildPhase section */

/* Begin PBXGroup section */
		CC4DACA21D917B49003ACA44 = {
			isa = PBXGroup;
			children = (
				CC4DACAD1D917B49003ACA44 /* 类型检查 */,
				CC4DACAC1D917B49003ACA44 /* Products */,
			);
			sourceTree = "<group>";
		};
		CC4DACAC1D917B49003ACA44 /* Products */ = {
			isa = PBXGroup;
			children = (
				CC4DACAB1D917B49003ACA44 /* 类型检查 */,
			);
			name = Products;
			sourceTree = "<group>";
		};
		CC4DACAD1D917B49003ACA44 /* 类型检查 */ = {
			isa = PBXGroup;
			children = (
				CC4DACAE1D917B49003ACA44 /* main.swift */,
				CC4DACB51D917B6A003ACA44 /* Person.swift */,
				CC4DACB71D917B73003ACA44 /* Student.swift */,
			);
			path = "类型检查";
			sourceTree = "<group>";
		};
/* End PBXGroup section */

/* Begin PBXNativeTarget section */
		CC4DACAA1D917B49003ACA44 /* 类型检查 */ = {
			isa = PBXNativeTarget;
			buildConfigurationList = CC4DACB21D917B49003ACA44 /* Build configuration list for PBXNativeTarget "类型检查" */;
			buildPhases = (
				CC4DACA71D917B49003ACA44 /* Sources */,
				CC4DACA81D917B49003ACA44 /* Frameworks */,
				CC4DACA91D917B49003ACA44 /* CopyFiles */,
			);
			buildRules = (
			);
			dependencies = (
			);
			name = "类型检查";
			productName = "类型检查";
			productReference = CC4DACAB1D917B49003ACA44 /* 类型检查 */;
			productType = "com.apple.product-type.tool";
		};
/* End PBXNativeTarget section */

/* Begin PBXProject section */
		CC4DACA31D917B49003ACA44 /* Project object */ = {
			isa = PBXProject;
			attributes = {
				LastSwiftUpdateCheck = 0730;
				LastUpgradeCheck = 0730;
				ORGANIZATIONNAME = qingyun;
				TargetAttributes = {
					CC4DACAA1D917B49003ACA44 = {
						CreatedOnToolsVersion = 7.3;
					};
				};
			};
			buildConfigurationList = CC4DACA61D917B49003ACA44 /* Build configuration list for PBXProject "类型检查" */;
			compatibilityVersion = "Xcode 3.2";
			developmentRegion = English;
			hasScannedForEncodings = 0;
			knownRegions = (
				en,
			);
			mainGroup = CC4DACA21D917B49003ACA44;
			productRefGroup = CC4DACAC1D917B49003ACA44 /* Products */;
			projectDirPath = "";
			projectRoot = "";
			targets = (
				CC4DACAA1D917B49003ACA44 /* 类型检查 */,
			);
		};
/* End PBXProject section */

/* Begin PBXSourcesBuildPhase section */
		CC4DACA71D917B49003ACA44 /* Sources */ = {
			isa = PBXSourcesBuildPhase;
			buildActionMask = 2147483647;
			files = (
				CC4DACB61D917B6A003ACA44 /* Person.swift in Sources */,
				CC4DACB81D917B73003ACA44 /* Student.swift in Sources */,
				CC4DACAF1D917B49003ACA44 /* main.swift in Sources */,
			);
			runOnlyForDeploymentPostprocessing = 0;
		};
/* End PBXSourcesBuildPhase section */

/* Begin XCBuildConfiguration section */
		CC4DACB01D917B49003ACA44 /* Debug */ = {
			isa = XCBuildConfiguration;
			buildSettings = {
				ALWAYS_SEARCH_USER_PATHS = NO;
				CLANG_ANALYZER_NONNULL = YES;
				CLANG_CXX_LANGUAGE_STANDARD = "gnu++0x";
				CLANG_CXX_LIBRARY = "libc++";
				CLANG_ENABLE_MODULES = YES;
				CLANG_ENABLE_OBJC_ARC = YES;
				CLANG_WARN_BOOL_CONVERSION = YES;
				CLANG_WARN_CONSTANT_CONVERSION = YES;
				CLANG_WARN_DIRECT_OBJC_ISA_USAGE = YES_ERROR;
				CLANG_WARN_EMPTY_BODY = YES;
				CLANG_WARN_ENUM_CONVERSION = YES;
				CLANG_WARN_INT_CONVERSION = YES;
				CLANG_WARN_OBJC_ROOT_CLASS = YES_ERROR;
				CLANG_WARN_UNREACHABLE_CODE = YES;
				CLANG_WARN__DUPLICATE_METHOD_MATCH = YES;
				CODE_SIGN_IDENTITY = "-";
				COPY_PHASE_STRIP = NO;
				DEBUG_INFORMATION_FORMAT = dwarf;
				ENABLE_STRICT_OBJC_MSGSEND = YES;
				ENABLE_TESTABILITY = YES;
				GCC_C_LANGUAGE_STANDARD = gnu99;
				GCC_DYNAMIC_NO_PIC = NO;
				GCC_NO_COMMON_BLOCKS = YES;
				GCC_OPTIMIZATION_LEVEL = 0;
				GCC_PREPROCESSOR_DEFINITIONS = (
					"DEBUG=1",
					"$(inherited)",
				);
				GCC_WARN_64_TO_32_BIT_CONVERSION = YES;
				GCC_WARN_ABOUT_RETURN_TYPE = YES_ERROR;
				GCC_WARN_UNDECLARED_SELECTOR = YES;
				GCC_WARN_UNINITIALIZED_AUTOS = YES_AGGRESSIVE;
				GCC_WARN_UNUSED_FUNCTION = YES;
				GCC_WARN_UNUSED_VARIABLE = YES;
				MACOSX_DEPLOYMENT_TARGET = 10.11;
				MTL_ENABLE_DEBUG_INFO = YES;
				ONLY_ACTIVE_ARCH = YES;
				SDKROOT = macosx;
				SWIFT_OPTIMIZATION_LEVEL = "-Onone";
			};
			name = Debug;
		};
		CC4DACB11D917B49003ACA44 /* Release */ = {
			isa = XCBuildConfiguration;
			buildSettings = {
				ALWAYS_SEARCH_USER_PATHS = NO;
				CLANG_ANALYZER_NONNULL = YES;
				CLANG_CXX_LANGUAGE_STANDARD = "gnu++0x";
				CLANG_CXX_LIBRARY = "libc++";
				CLANG_ENABLE_MODULES = YES;
				CLANG_ENABLE_OBJC_ARC = YES;
				CLANG_WARN_BOOL_CONVERSION = YES;
				CLANG_WARN_CONSTANT_CONVERSION = YES;
				CLANG_WARN_DIRECT_OBJC_ISA_USAGE = YES_ERROR;
				CLANG_WARN_EMPTY_BODY = YES;
				CLANG_WARN_ENUM_CONVERSION = YES;
				CLANG_WARN_INT_CONVERSION = YES;
				CLANG_WARN_OBJC_ROOT_CLASS = YES_ERROR;
				CLANG_WARN_UNREACHABLE_CODE = YES;
				CLANG_WARN__DUPLICATE_METHOD_MATCH = YES;
				CODE_SIGN_IDENTITY = "-";
				COPY_PHASE_STRIP = NO;
				DEBUG_INFORMATION_FORMAT = "dwarf-with-dsym";
				ENABLE_NS_ASSERTIONS = NO;
				ENABLE_STRICT_OBJC_MSGSEND = YES;
				GCC_C_LANGUAGE_STANDARD = gnu99;
				GCC_NO_COMMON_BLOCKS = YES;
				GCC_WARN_64_TO_32_BIT_CONVERSION = YES;
				GCC_WARN_ABOUT_RETURN_TYPE = YES_ERROR;
				GCC_WARN_UNDECLARED_SELECTOR = YES;
				GCC_WARN_UNINITIALIZED_AUTOS = YES_AGGRESSIVE;
				GCC_WARN_UNUSED_FUNCTION = YES;
				GCC_WARN_UNUSED_VARIABLE = YES;
				MACOSX_DEPLOYMENT_TARGET = 10.11;
				MTL_ENABLE_DEBUG_INFO = NO;
				SDKROOT = macosx;
			};
			name = Release;
		};
		CC4DACB31D917B49003ACA44 /* Debug */ = {
			isa = XCBuildConfiguration;
			buildSettings = {
				PRODUCT_NAME = "$(TARGET_NAME)";
			};
			name = Debug;
		};
		CC4DACB41D917B49003ACA44 /* Release */ = {
			isa = XCBuildConfiguration;
			buildSettings = {
				PRODUCT_NAME = "$(TARGET_NAME)";
			};
			name = Release;
		};
/* End XCBuildConfiguration section */

/* Begin XCConfigurationList section */
		CC4DACA61D917B49003ACA44 /* Build configuration list for PBXProject "类型检查" */ = {
			isa = XCConfigurationList;
			buildConfigurations = (
				CC4DACB01D917B49003ACA44 /* Debug */,
				CC4DACB11D917B49003ACA44 /* Release */,
			);
			defaultConfigurationIsVisible = 0;
			defaultConfigurationName = Release;
		};
		CC4DACB21D917B49003ACA44 /* Build configuration list for PBXNativeTarget "类型检查" */ = {
			isa = XCConfigurationList;
			buildConfigurations = (
				CC4DACB31D917B49003ACA44 /* Debug */,
				CC4DACB41D917B49003ACA44 /* Release */,
			);
			defaultConfigurationIsVisible = 0;
		};
/* End XCConfigurationList section */
	};
	rootObject = CC4DACA31D917B49003ACA44 /* Project object */;
}
